
Microsoft Visual Studio Solution File, Format Version 12.00
# Visual Studio Version 18
VisualStudioVersion = 18.2.11408.102 d18.0
MinimumVisualStudioVersion = 10.0.40219.1
Project("{2150E333-8FDC-42A3-9474-1A3956D46DE8}") = "emulator", "emulator", "{2048C711-B7C5-44F4-9DBF-6BF9A87D980C}"
	ProjectSection(SolutionItems) = preProject
		emulator\.env = emulator\.env
		emulator\config.json = emulator\config.json
		emulator\docker-compose.yaml = emulator\docker-compose.yaml
	EndProjectSection
EndProject
Project("{FAE04EC0-301F-11D3-BF4B-00C04F79EFBC}") = "Sender", "Sender\Sender.csproj", "{3181F162-0753-422E-BD45-B2A744B211CF}"
EndProject
Project("{FAE04EC0-301F-11D3-BF4B-00C04F79EFBC}") = "Receiver", "Receiver\Receiver.csproj", "{9BF321AF-AD25-4C7B-A426-E3327DA5A85F}"
EndProject
Project("{FAE04EC0-301F-11D3-BF4B-00C04F79EFBC}") = "ReceiverWithProcessor", "ReceiverWithProcessor\ReceiverWithProcessor.csproj", "{C08D9B1A-5F7D-41D6-A010-4FB68D355224}"
EndProject
Project("{FAE04EC0-301F-11D3-BF4B-00C04F79EFBC}") = "Sub1", "Sub1\Sub1.csproj", "{BB8F5F40-54FF-4DEA-BEE0-F0D52B870D76}"
EndProject
Project("{FAE04EC0-301F-11D3-BF4B-00C04F79EFBC}") = "Sub2", "emulator\Sub2\Sub2.csproj", "{1AEE125F-9FD5-45CF-A0EA-8872BCA73E67}"
EndProject
Project("{FAE04EC0-301F-11D3-BF4B-00C04F79EFBC}") = "Publisher", "Publisher\Publisher.csproj", "{EA63BAB2-08FA-458A-8965-63EEAFE95F52}"
EndProject
Global
	GlobalSection(SolutionConfigurationPlatforms) = preSolution
		Debug|Any CPU = Debug|Any CPU
		Release|Any CPU = Release|Any CPU
	EndGlobalSection
	GlobalSection(ProjectConfigurationPlatforms) = postSolution
		{2E885DA5-63C3-4704-9732-0E5ABE20AA8D}.Debug|Any CPU.ActiveCfg = Debug|Any CPU
		{2E885DA5-63C3-4704-9732-0E5ABE20AA8D}.Debug|Any CPU.Build.0 = Debug|Any CPU
		{2E885DA5-63C3-4704-9732-0E5ABE20AA8D}.Release|Any CPU.ActiveCfg = Release|Any CPU
		{2E885DA5-63C3-4704-9732-0E5ABE20AA8D}.Release|Any CPU.Build.0 = Release|Any CPU
		{3181F162-0753-422E-BD45-B2A744B211CF}.Debug|Any CPU.ActiveCfg = Debug|Any CPU
		{3181F162-0753-422E-BD45-B2A744B211CF}.Debug|Any CPU.Build.0 = Debug|Any CPU
		{3181F162-0753-422E-BD45-B2A744B211CF}.Release|Any CPU.ActiveCfg = Release|Any CPU
		{3181F162-0753-422E-BD45-B2A744B211CF}.Release|Any CPU.Build.0 = Release|Any CPU
		{9BF321AF-AD25-4C7B-A426-E3327DA5A85F}.Debug|Any CPU.ActiveCfg = Debug|Any CPU
		{9BF321AF-AD25-4C7B-A426-E3327DA5A85F}.Debug|Any CPU.Build.0 = Debug|Any CPU
		{9BF321AF-AD25-4C7B-A426-E3327DA5A85F}.Release|Any CPU.ActiveCfg = Release|Any CPU
		{9BF321AF-AD25-4C7B-A426-E3327DA5A85F}.Release|Any CPU.Build.0 = Release|Any CPU
		{C08D9B1A-5F7D-41D6-A010-4FB68D355224}.Debug|Any CPU.ActiveCfg = Debug|Any CPU
		{C08D9B1A-5F7D-41D6-A010-4FB68D355224}.Debug|Any CPU.Build.0 = Debug|Any CPU
		{C08D9B1A-5F7D-41D6-A010-4FB68D355224}.Release|Any CPU.ActiveCfg = Release|Any CPU
		{C08D9B1A-5F7D-41D6-A010-4FB68D355224}.Release|Any CPU.Build.0 = Release|Any CPU
		{BB8F5F40-54FF-4DEA-BEE0-F0D52B870D76}.Debug|Any CPU.ActiveCfg = Debug|Any CPU
		{BB8F5F40-54FF-4DEA-BEE0-F0D52B870D76}.Debug|Any CPU.Build.0 = Debug|Any CPU
		{BB8F5F40-54FF-4DEA-BEE0-F0D52B870D76}.Release|Any CPU.ActiveCfg = Release|Any CPU
		{BB8F5F40-54FF-4DEA-BEE0-F0D52B870D76}.Release|Any CPU.Build.0 = Release|Any CPU
		{1AEE125F-9FD5-45CF-A0EA-8872BCA73E67}.Debug|Any CPU.ActiveCfg = Debug|Any CPU
		{1AEE125F-9FD5-45CF-A0EA-8872BCA73E67}.Debug|Any CPU.Build.0 = Debug|Any CPU
		{1AEE125F-9FD5-45CF-A0EA-8872BCA73E67}.Release|Any CPU.ActiveCfg = Release|Any CPU
		{1AEE125F-9FD5-45CF-A0EA-8872BCA73E67}.Release|Any CPU.Build.0 = Release|Any CPU
		{EA63BAB2-08FA-458A-8965-63EEAFE95F52}.Debug|Any CPU.ActiveCfg = Debug|Any CPU
		{EA63BAB2-08FA-458A-8965-63EEAFE95F52}.Debug|Any CPU.Build.0 = Debug|Any CPU
		{EA63BAB2-08FA-458A-8965-63EEAFE95F52}.Release|Any CPU.ActiveCfg = Release|Any CPU
		{EA63BAB2-08FA-458A-8965-63EEAFE95F52}.Release|Any CPU.Build.0 = Release|Any CPU
	EndGlobalSection
	GlobalSection(SolutionProperties) = preSolution
		HideSolutionNode = FALSE
	EndGlobalSection
	GlobalSection(ExtensibilityGlobals) = postSolution
		SolutionGuid = {DA80DCBB-E1E0-4773-A897-C1B3C5EB0F46}
	EndGlobalSection
	GlobalSection(NestedProjects) = preSolution
	EndGlobalSection
EndGlobal
